
Microsoft Visual Studio Solution File, Format Version 12.00
# Visual Studio Version 16
VisualStudioVersion = 16.0.31702.278
MinimumVisualStudioVersion = 10.0.40219.1
Project("{FAE04EC0-301F-11D3-BF4B-00C04F79EFBC}") = "Lab1Ypr1,2,3", "Lab1\Lab1Ypr1,2,3.csproj", "{9D4D5FF8-E4F8-45EB-9EFA-F7BB81C0AB6F}"
EndProject
Global
	GlobalSection(SolutionConfigurationPlatforms) = preSolution
		Debug|Any CPU = Debug|Any CPU
		Release|Any CPU = Release|Any CPU
	EndGlobalSection
	GlobalSection(ProjectConfigurationPlatforms) = postSolution
		{9D4D5FF8-E4F8-45EB-9EFA-F7BB81C0AB6F}.Debug|Any CPU.ActiveCfg = Debug|Any CPU
		{9D4D5FF8-E4F8-45EB-9EFA-F7BB81C0AB6F}.Debug|Any CPU.Build.0 = Debug|Any CPU
		{9D4D5FF8-E4F8-45EB-9EFA-F7BB81C0AB6F}.Release|Any CPU.ActiveCfg = Release|Any CPU
		{9D4D5FF8-E4F8-45EB-9EFA-F7BB81C0AB6F}.Release|Any CPU.Build.0 = Release|Any CPU
	EndGlobalSection
	GlobalSection(SolutionProperties) = preSolution
		HideSolutionNode = FALSE
	EndGlobalSection
	GlobalSection(ExtensibilityGlobals) = postSolution
		SolutionGuid = {729E28EC-A3CE-4CF0-88C6-02016B242B7D}
	EndGlobalSection
EndGlobal
